
Microsoft Visual Studio Solution File, Format Version 12.00
# Visual Studio Version 17
VisualStudioVersion = 17.11.35219.272
MinimumVisualStudioVersion = 10.0.40219.1
Project("{FAE04EC0-301F-11D3-BF4B-00C04F79EFBC}") = "Assignment_5", "Assignment_5.csproj", "{B6E5F859-05F9-4755-941A-09CA59ED98C8}"
EndProject
Global
	GlobalSection(SolutionConfigurationPlatforms) = preSolution
		Debug|Any CPU = Debug|Any CPU
		Release|Any CPU = Release|Any CPU
	EndGlobalSection
	GlobalSection(ProjectConfigurationPlatforms) = postSolution
		{B6E5F859-05F9-4755-941A-09CA59ED98C8}.Debug|Any CPU.ActiveCfg = Debug|Any CPU
		{B6E5F859-05F9-4755-941A-09CA59ED98C8}.Debug|Any CPU.Build.0 = Debug|Any CPU
		{B6E5F859-05F9-4755-941A-09CA59ED98C8}.Release|Any CPU.ActiveCfg = Release|Any CPU
		{B6E5F859-05F9-4755-941A-09CA59ED98C8}.Release|Any CPU.Build.0 = Release|Any CPU
	EndGlobalSection
	GlobalSection(SolutionProperties) = preSolution
		HideSolutionNode = FALSE
	EndGlobalSection
	GlobalSection(ExtensibilityGlobals) = postSolution
		SolutionGuid = {F2D0E341-DE6E-4ADC-A3AD-1C042E4F32E8}
	EndGlobalSection
EndGlobal
